{
  "requires": true,
  "lockfileVersion": 1,
  "dependencies": {
    "three": {
      "version": "0.130.1",
      "resolved": "https://registry.npmjs.org/three/-/three-0.130.1.tgz",
      "integrity": "sha512-OSPPKcGvFSiGkG3jFrwwC76PBV/ZSrGxpBbg28bW8s9GU8r/y2spNGtEXHEb/CVqo0Ctf5Lx2rVaxQZB6OasaA=="
    }
  }
}
